
Microsoft Visual Studio Solution File, Format Version 12.00
# Visual Studio Version 17
VisualStudioVersion = 17.9.34728.123
MinimumVisualStudioVersion = 10.0.40219.1
Project("{FAE04EC0-301F-11D3-BF4B-00C04F79EFBC}") = "241025_Szemazonosito", "241025_Szemazonosito.csproj", "{FAE90AA1-18B9-4A37-912C-C48CC905689F}"
EndProject
Global
	GlobalSection(SolutionConfigurationPlatforms) = preSolution
		Debug|Any CPU = Debug|Any CPU
		Release|Any CPU = Release|Any CPU
	EndGlobalSection
	GlobalSection(ProjectConfigurationPlatforms) = postSolution
		{FAE90AA1-18B9-4A37-912C-C48CC905689F}.Debug|Any CPU.ActiveCfg = Debug|Any CPU
		{FAE90AA1-18B9-4A37-912C-C48CC905689F}.Debug|Any CPU.Build.0 = Debug|Any CPU
		{FAE90AA1-18B9-4A37-912C-C48CC905689F}.Release|Any CPU.ActiveCfg = Release|Any CPU
		{FAE90AA1-18B9-4A37-912C-C48CC905689F}.Release|Any CPU.Build.0 = Release|Any CPU
	EndGlobalSection
	GlobalSection(SolutionProperties) = preSolution
		HideSolutionNode = FALSE
	EndGlobalSection
	GlobalSection(ExtensibilityGlobals) = postSolution
		SolutionGuid = {971CC825-4EF9-4D83-A42A-55DC1C2F88DB}
	EndGlobalSection
EndGlobal
